
Microsoft Visual Studio Solution File, Format Version 12.00
# Visual Studio Version 16
VisualStudioVersion = 16.0.29728.190
MinimumVisualStudioVersion = 10.0.40219.1
Project("{FAE04EC0-301F-11D3-BF4B-00C04F79EFBC}") = "laba34IZ", "laba34IZ\laba34IZ.csproj", "{33E1EAC8-906A-4ECA-BB2D-07277B5F787C}"
EndProject
Global
	GlobalSection(SolutionConfigurationPlatforms) = preSolution
		Debug|Any CPU = Debug|Any CPU
		Release|Any CPU = Release|Any CPU
	EndGlobalSection
	GlobalSection(ProjectConfigurationPlatforms) = postSolution
		{33E1EAC8-906A-4ECA-BB2D-07277B5F787C}.Debug|Any CPU.ActiveCfg = Debug|Any CPU
		{33E1EAC8-906A-4ECA-BB2D-07277B5F787C}.Debug|Any CPU.Build.0 = Debug|Any CPU
		{33E1EAC8-906A-4ECA-BB2D-07277B5F787C}.Release|Any CPU.ActiveCfg = Release|Any CPU
		{33E1EAC8-906A-4ECA-BB2D-07277B5F787C}.Release|Any CPU.Build.0 = Release|Any CPU
	EndGlobalSection
	GlobalSection(SolutionProperties) = preSolution
		HideSolutionNode = FALSE
	EndGlobalSection
	GlobalSection(ExtensibilityGlobals) = postSolution
		SolutionGuid = {611E9988-37BB-47AE-8414-FA8598E19B36}
	EndGlobalSection
EndGlobal
